// !$*UTF8*$!
{
	archiveVersion = 1;
	classes = {
	};
	objectVersion = 46;
	objects = {

/* Begin PBXBuildFile section */
		A04647FD1CEDC5BE007CBCEA /* main.cpp in Sources */ = {isa = PBXBuildFile; fileRef = A04647FC1CEDC5BE007CBCEA /* main.cpp */; };
		A04648061CEDCD85007CBCEA /* SndFileAudioStream.cpp in Sources */ = {isa = PBXBuildFile; fileRef = A04648041CEDCD85007CBCEA /* SndFileAudioStream.cpp */; settings = {ASSET_TAGS = (); }; };
		A04648091CEDEF7F007CBCEA /* testSndFileAudioStream.cpp in Sources */ = {isa = PBXBuildFile; fileRef = A04648081CEDEF7F007CBCEA /* testSndFileAudioStream.cpp */; settings = {ASSET_TAGS = (); }; };
		A046480A1CEDF03F007CBCEA /* SndFileAudioStream.cpp in Sources */ = {isa = PBXBuildFile; fileRef = A04648041CEDCD85007CBCEA /* SndFileAudioStream.cpp */; settings = {ASSET_TAGS = (); }; };
		A046480B1CEDF076007CBCEA /* libsndfile.a in Frameworks */ = {isa = PBXBuildFile; fileRef = A0BB25511CE5C27500916B0B /* libsndfile.a */; };
		A054A92A1CEE2F1F0013C788 /* SimpleFeatureSetFormatter.cpp in Sources */ = {isa = PBXBuildFile; fileRef = A054A9281CEE2F1F0013C788 /* SimpleFeatureSetFormatter.cpp */; settings = {ASSET_TAGS = (); }; };
		A07C541E1CF0DBF700DD1DD4 /* testMap.cpp in Sources */ = {isa = PBXBuildFile; fileRef = A07C541D1CF0DBF700DD1DD4 /* testMap.cpp */; settings = {ASSET_TAGS = (); }; };
		A0B932121CE8DD8B0013CBD9 /* PowerSpectrum.cpp in Sources */ = {isa = PBXBuildFile; fileRef = A0B932101CE8DD8B0013CBD9 /* PowerSpectrum.cpp */; settings = {ASSET_TAGS = (); }; };
		A0B9321D1CE8F3A90013CBD9 /* ZeroCrossing.cpp in Sources */ = {isa = PBXBuildFile; fileRef = A0B9321B1CE8F3A90013CBD9 /* ZeroCrossing.cpp */; settings = {ASSET_TAGS = (); }; };
		A0B932201CE982EE0013CBD9 /* VampHost.cpp in Sources */ = {isa = PBXBuildFile; fileRef = A0B9321E1CE982EE0013CBD9 /* VampHost.cpp */; settings = {ASSET_TAGS = (); }; };
		A0BB25441CE5BBA000916B0B /* main.cpp in Sources */ = {isa = PBXBuildFile; fileRef = A0BB25431CE5BBA000916B0B /* main.cpp */; };
		A0BB25521CE5C27500916B0B /* libsndfile.a in Frameworks */ = {isa = PBXBuildFile; fileRef = A0BB25511CE5C27500916B0B /* libsndfile.a */; settings = {ATTRIBUTES = (Required, ); }; };
		A0DFB5321CE5CA97009BE762 /* libvamp-hostsdk.a in Frameworks */ = {isa = PBXBuildFile; fileRef = A0DFB5311CE5CA97009BE762 /* libvamp-hostsdk.a */; settings = {ASSET_TAGS = (); }; };
/* End PBXBuildFile section */

/* Begin PBXCopyFilesBuildPhase section */
		A04647F81CEDC5BE007CBCEA /* CopyFiles */ = {
			isa = PBXCopyFilesBuildPhase;
			buildActionMask = 2147483647;
			dstPath = /usr/share/man/man1/;
			dstSubfolderSpec = 0;
			files = (
			);
			runOnlyForDeploymentPostprocessing = 1;
		};
		A0BB253E1CE5BB9F00916B0B /* CopyFiles */ = {
			isa = PBXCopyFilesBuildPhase;
			buildActionMask = 2147483647;
			dstPath = /usr/share/man/man1/;
			dstSubfolderSpec = 0;
			files = (
			);
			runOnlyForDeploymentPostprocessing = 1;
		};
/* End PBXCopyFilesBuildPhase section */

/* Begin PBXFileReference section */
		A04647F51CEDA84A007CBCEA /* AudioStream.h */ = {isa = PBXFileReference; fileEncoding = 4; lastKnownFileType = sourcecode.c.h; path = AudioStream.h; sourceTree = "<group>"; };
		A04647FA1CEDC5BE007CBCEA /* TestVampHost */ = {isa = PBXFileReference; explicitFileType = "compiled.mach-o.executable"; includeInIndex = 0; path = TestVampHost; sourceTree = BUILT_PRODUCTS_DIR; };
		A04647FC1CEDC5BE007CBCEA /* main.cpp */ = {isa = PBXFileReference; lastKnownFileType = sourcecode.cpp.cpp; path = main.cpp; sourceTree = "<group>"; };
		A04648011CEDC5FA007CBCEA /* catch.hpp */ = {isa = PBXFileReference; fileEncoding = 4; lastKnownFileType = sourcecode.cpp.h; path = catch.hpp; sourceTree = "<group>"; };
		A04648041CEDCD85007CBCEA /* SndFileAudioStream.cpp */ = {isa = PBXFileReference; fileEncoding = 4; lastKnownFileType = sourcecode.cpp.cpp; path = SndFileAudioStream.cpp; sourceTree = "<group>"; };
		A04648051CEDCD85007CBCEA /* SndFileAudioStream.h */ = {isa = PBXFileReference; fileEncoding = 4; lastKnownFileType = sourcecode.c.h; path = SndFileAudioStream.h; sourceTree = "<group>"; };
		A04648071CEDD961007CBCEA /* FeatureSetFormatter.h */ = {isa = PBXFileReference; lastKnownFileType = sourcecode.c.h; path = FeatureSetFormatter.h; sourceTree = "<group>"; };
		A04648081CEDEF7F007CBCEA /* testSndFileAudioStream.cpp */ = {isa = PBXFileReference; fileEncoding = 4; lastKnownFileType = sourcecode.cpp.cpp; path = testSndFileAudioStream.cpp; sourceTree = "<group>"; };
		A054A9281CEE2F1F0013C788 /* SimpleFeatureSetFormatter.cpp */ = {isa = PBXFileReference; fileEncoding = 4; lastKnownFileType = sourcecode.cpp.cpp; path = SimpleFeatureSetFormatter.cpp; sourceTree = "<group>"; };
		A054A9291CEE2F1F0013C788 /* SimpleFeatureSetFormatter.h */ = {isa = PBXFileReference; fileEncoding = 4; lastKnownFileType = sourcecode.c.h; path = SimpleFeatureSetFormatter.h; sourceTree = "<group>"; };
		A07C541D1CF0DBF700DD1DD4 /* testMap.cpp */ = {isa = PBXFileReference; fileEncoding = 4; lastKnownFileType = sourcecode.cpp.cpp; path = testMap.cpp; sourceTree = "<group>"; };
		A0B932101CE8DD8B0013CBD9 /* PowerSpectrum.cpp */ = {isa = PBXFileReference; fileEncoding = 4; lastKnownFileType = sourcecode.cpp.cpp; path = PowerSpectrum.cpp; sourceTree = "<group>"; };
		A0B932111CE8DD8B0013CBD9 /* PowerSpectrum.h */ = {isa = PBXFileReference; fileEncoding = 4; lastKnownFileType = sourcecode.c.h; path = PowerSpectrum.h; sourceTree = "<group>"; };
		A0B9321B1CE8F3A90013CBD9 /* ZeroCrossing.cpp */ = {isa = PBXFileReference; fileEncoding = 4; lastKnownFileType = sourcecode.cpp.cpp; path = ZeroCrossing.cpp; sourceTree = "<group>"; };
		A0B9321C1CE8F3A90013CBD9 /* ZeroCrossing.h */ = {isa = PBXFileReference; fileEncoding = 4; lastKnownFileType = sourcecode.c.h; path = ZeroCrossing.h; sourceTree = "<group>"; };
		A0B9321E1CE982EE0013CBD9 /* VampHost.cpp */ = {isa = PBXFileReference; fileEncoding = 4; lastKnownFileType = sourcecode.cpp.cpp; path = VampHost.cpp; sourceTree = "<group>"; };
		A0B9321F1CE982EE0013CBD9 /* VampHost.h */ = {isa = PBXFileReference; fileEncoding = 4; lastKnownFileType = sourcecode.c.h; path = VampHost.h; sourceTree = "<group>"; };
		A0BB25401CE5BBA000916B0B /* basic-vamp-host */ = {isa = PBXFileReference; explicitFileType = "compiled.mach-o.executable"; includeInIndex = 0; path = "basic-vamp-host"; sourceTree = BUILT_PRODUCTS_DIR; };
		A0BB25431CE5BBA000916B0B /* main.cpp */ = {isa = PBXFileReference; lastKnownFileType = sourcecode.cpp.cpp; path = main.cpp; sourceTree = "<group>"; };
		A0BB25511CE5C27500916B0B /* libsndfile.a */ = {isa = PBXFileReference; lastKnownFileType = archive.ar; name = libsndfile.a; path = ../../../../../usr/local/Cellar/libsndfile/1.0.25/lib/libsndfile.a; sourceTree = "<group>"; };
		A0DFB5311CE5CA97009BE762 /* libvamp-hostsdk.a */ = {isa = PBXFileReference; lastKnownFileType = archive.ar; path = "libvamp-hostsdk.a"; sourceTree = "<group>"; };
/* End PBXFileReference section */

/* Begin PBXFrameworksBuildPhase section */
		A04647F71CEDC5BE007CBCEA /* Frameworks */ = {
			isa = PBXFrameworksBuildPhase;
			buildActionMask = 2147483647;
			files = (
				A046480B1CEDF076007CBCEA /* libsndfile.a in Frameworks */,
			);
			runOnlyForDeploymentPostprocessing = 0;
		};
		A0BB253D1CE5BB9F00916B0B /* Frameworks */ = {
			isa = PBXFrameworksBuildPhase;
			buildActionMask = 2147483647;
			files = (
				A0DFB5321CE5CA97009BE762 /* libvamp-hostsdk.a in Frameworks */,
				A0BB25521CE5C27500916B0B /* libsndfile.a in Frameworks */,
			);
			runOnlyForDeploymentPostprocessing = 0;
		};
/* End PBXFrameworksBuildPhase section */

/* Begin PBXGroup section */
		A04647FB1CEDC5BE007CBCEA /* TestVampHost */ = {
			isa = PBXGroup;
			children = (
				A04647FC1CEDC5BE007CBCEA /* main.cpp */,
				A04648011CEDC5FA007CBCEA /* catch.hpp */,
				A04648081CEDEF7F007CBCEA /* testSndFileAudioStream.cpp */,
				A07C541D1CF0DBF700DD1DD4 /* testMap.cpp */,
			);
			path = TestVampHost;
			sourceTree = "<group>";
		};
		A0BB25371CE5BB9F00916B0B = {
			isa = PBXGroup;
			children = (
				A0DFB5311CE5CA97009BE762 /* libvamp-hostsdk.a */,
				A0BB25511CE5C27500916B0B /* libsndfile.a */,
				A0BB25421CE5BBA000916B0B /* basic-vamp-host */,
				A04647FB1CEDC5BE007CBCEA /* TestVampHost */,
				A0BB25411CE5BBA000916B0B /* Products */,
			);
			sourceTree = "<group>";
		};
		A0BB25411CE5BBA000916B0B /* Products */ = {
			isa = PBXGroup;
			children = (
				A0BB25401CE5BBA000916B0B /* basic-vamp-host */,
				A04647FA1CEDC5BE007CBCEA /* TestVampHost */,
			);
			name = Products;
			sourceTree = "<group>";
		};
		A0BB25421CE5BBA000916B0B /* basic-vamp-host */ = {
			isa = PBXGroup;
			children = (
				A0B932101CE8DD8B0013CBD9 /* PowerSpectrum.cpp */,
				A0B9321B1CE8F3A90013CBD9 /* ZeroCrossing.cpp */,
				A0B9321C1CE8F3A90013CBD9 /* ZeroCrossing.h */,
				A0B932111CE8DD8B0013CBD9 /* PowerSpectrum.h */,
				A0BB25431CE5BBA000916B0B /* main.cpp */,
				A0B9321E1CE982EE0013CBD9 /* VampHost.cpp */,
				A0B9321F1CE982EE0013CBD9 /* VampHost.h */,
				A04647F51CEDA84A007CBCEA /* AudioStream.h */,
				A04648041CEDCD85007CBCEA /* SndFileAudioStream.cpp */,
				A04648051CEDCD85007CBCEA /* SndFileAudioStream.h */,
				A04648071CEDD961007CBCEA /* FeatureSetFormatter.h */,
				A054A9281CEE2F1F0013C788 /* SimpleFeatureSetFormatter.cpp */,
				A054A9291CEE2F1F0013C788 /* SimpleFeatureSetFormatter.h */,
			);
			path = "basic-vamp-host";
			sourceTree = "<group>";
		};
/* End PBXGroup section */

/* Begin PBXNativeTarget section */
		A04647F91CEDC5BE007CBCEA /* TestVampHost */ = {
			isa = PBXNativeTarget;
			buildConfigurationList = A04647FE1CEDC5BE007CBCEA /* Build configuration list for PBXNativeTarget "TestVampHost" */;
			buildPhases = (
				A04647F61CEDC5BE007CBCEA /* Sources */,
				A04647F71CEDC5BE007CBCEA /* Frameworks */,
				A04647F81CEDC5BE007CBCEA /* CopyFiles */,
			);
			buildRules = (
			);
			dependencies = (
			);
			name = TestVampHost;
			productName = TestVampHost;
			productReference = A04647FA1CEDC5BE007CBCEA /* TestVampHost */;
			productType = "com.apple.product-type.tool";
		};
		A0BB253F1CE5BB9F00916B0B /* basic-vamp-host */ = {
			isa = PBXNativeTarget;
			buildConfigurationList = A0BB25471CE5BBA000916B0B /* Build configuration list for PBXNativeTarget "basic-vamp-host" */;
			buildPhases = (
				A0BB253C1CE5BB9F00916B0B /* Sources */,
				A0BB253D1CE5BB9F00916B0B /* Frameworks */,
				A0BB253E1CE5BB9F00916B0B /* CopyFiles */,
			);
			buildRules = (
			);
			dependencies = (
			);
			name = "basic-vamp-host";
			productName = "basic-vamp-host";
			productReference = A0BB25401CE5BBA000916B0B /* basic-vamp-host */;
			productType = "com.apple.product-type.tool";
		};
/* End PBXNativeTarget section */

/* Begin PBXProject section */
		A0BB25381CE5BB9F00916B0B /* Project object */ = {
			isa = PBXProject;
			attributes = {
				LastUpgradeCheck = 0700;
				ORGANIZATIONNAME = LTDSP;
				TargetAttributes = {
					A04647F91CEDC5BE007CBCEA = {
						CreatedOnToolsVersion = 7.0;
					};
					A0BB253F1CE5BB9F00916B0B = {
						CreatedOnToolsVersion = 7.0;
					};
				};
			};
			buildConfigurationList = A0BB253B1CE5BB9F00916B0B /* Build configuration list for PBXProject "basic-vamp-host" */;
			compatibilityVersion = "Xcode 3.2";
			developmentRegion = English;
			hasScannedForEncodings = 0;
			knownRegions = (
				en,
			);
			mainGroup = A0BB25371CE5BB9F00916B0B;
			productRefGroup = A0BB25411CE5BBA000916B0B /* Products */;
			projectDirPath = "";
			projectRoot = "";
			targets = (
				A0BB253F1CE5BB9F00916B0B /* basic-vamp-host */,
				A04647F91CEDC5BE007CBCEA /* TestVampHost */,
			);
		};
/* End PBXProject section */

/* Begin PBXSourcesBuildPhase section */
		A04647F61CEDC5BE007CBCEA /* Sources */ = {
			isa = PBXSourcesBuildPhase;
			buildActionMask = 2147483647;
			files = (
				A04648091CEDEF7F007CBCEA /* testSndFileAudioStream.cpp in Sources */,
				A07C541E1CF0DBF700DD1DD4 /* testMap.cpp in Sources */,
				A04647FD1CEDC5BE007CBCEA /* main.cpp in Sources */,
				A046480A1CEDF03F007CBCEA /* SndFileAudioStream.cpp in Sources */,
			);
			runOnlyForDeploymentPostprocessing = 0;
		};
		A0BB253C1CE5BB9F00916B0B /* Sources */ = {
			isa = PBXSourcesBuildPhase;
			buildActionMask = 2147483647;
			files = (
				A054A92A1CEE2F1F0013C788 /* SimpleFeatureSetFormatter.cpp in Sources */,
				A0B932121CE8DD8B0013CBD9 /* PowerSpectrum.cpp in Sources */,
				A0BB25441CE5BBA000916B0B /* main.cpp in Sources */,
				A0B9321D1CE8F3A90013CBD9 /* ZeroCrossing.cpp in Sources */,
				A04648061CEDCD85007CBCEA /* SndFileAudioStream.cpp in Sources */,
				A0B932201CE982EE0013CBD9 /* VampHost.cpp in Sources */,
			);
			runOnlyForDeploymentPostprocessing = 0;
		};
/* End PBXSourcesBuildPhase section */

/* Begin XCBuildConfiguration section */
		A04647FF1CEDC5BE007CBCEA /* Debug */ = {
			isa = XCBuildConfiguration;
			buildSettings = {
				LIBRARY_SEARCH_PATHS = (
					"$(inherited)",
					/usr/local/Cellar/libsndfile/1.0.25/lib,
				);
				PRODUCT_NAME = "$(TARGET_NAME)";
			};
			name = Debug;
		};
		A04648001CEDC5BE007CBCEA /* Release */ = {
			isa = XCBuildConfiguration;
			buildSettings = {
				LIBRARY_SEARCH_PATHS = (
					"$(inherited)",
					/usr/local/Cellar/libsndfile/1.0.25/lib,
				);
				PRODUCT_NAME = "$(TARGET_NAME)";
			};
			name = Release;
		};
		A0BB25451CE5BBA000916B0B /* Debug */ = {
			isa = XCBuildConfiguration;
			buildSettings = {
				ALWAYS_SEARCH_USER_PATHS = NO;
				ARCHS = "$(ARCHS_STANDARD)";
				CLANG_CXX_LANGUAGE_STANDARD = "gnu++0x";
				CLANG_CXX_LIBRARY = "libc++";
				CLANG_ENABLE_MODULES = YES;
				CLANG_ENABLE_OBJC_ARC = YES;
				CLANG_WARN_BOOL_CONVERSION = YES;
				CLANG_WARN_CONSTANT_CONVERSION = YES;
				CLANG_WARN_DIRECT_OBJC_ISA_USAGE = YES_ERROR;
				CLANG_WARN_EMPTY_BODY = YES;
				CLANG_WARN_ENUM_CONVERSION = YES;
				CLANG_WARN_INT_CONVERSION = YES;
				CLANG_WARN_OBJC_ROOT_CLASS = YES_ERROR;
				CLANG_WARN_UNREACHABLE_CODE = YES;
				CLANG_WARN__DUPLICATE_METHOD_MATCH = YES;
				COPY_PHASE_STRIP = NO;
				DEBUG_INFORMATION_FORMAT = dwarf;
				ENABLE_STRICT_OBJC_MSGSEND = YES;
				ENABLE_TESTABILITY = YES;
				GCC_C_LANGUAGE_STANDARD = gnu99;
				GCC_DYNAMIC_NO_PIC = NO;
				GCC_NO_COMMON_BLOCKS = YES;
				GCC_OPTIMIZATION_LEVEL = 0;
				GCC_PREPROCESSOR_DEFINITIONS = (
					"DEBUG=1",
					"$(inherited)",
				);
				GCC_WARN_64_TO_32_BIT_CONVERSION = YES;
				GCC_WARN_ABOUT_RETURN_TYPE = YES_ERROR;
				GCC_WARN_UNDECLARED_SELECTOR = YES;
				GCC_WARN_UNINITIALIZED_AUTOS = YES_AGGRESSIVE;
				GCC_WARN_UNUSED_FUNCTION = YES;
				GCC_WARN_UNUSED_VARIABLE = YES;
				HEADER_SEARCH_PATHS = (
					/usr/local/include,
					"/Users/lucas/code/libraries/vamp-plugin-sdk-2.6",
				);
				LD_RUNPATH_SEARCH_PATHS = "/Users/lucas/code/libraries/vamp-plugin-sdk-2.6";
				LIBRARY_SEARCH_PATHS = /usr/local/lib;
				MACOSX_DEPLOYMENT_TARGET = 10.11;
				MTL_ENABLE_DEBUG_INFO = YES;
				ONLY_ACTIVE_ARCH = YES;
				SDKROOT = macosx;
				VALID_ARCHS = "i386 x86_64";
			};
			name = Debug;
		};
		A0BB25461CE5BBA000916B0B /* Release */ = {
			isa = XCBuildConfiguration;
			buildSettings = {
				ALWAYS_SEARCH_USER_PATHS = NO;
				ARCHS = "$(ARCHS_STANDARD)";
				CLANG_CXX_LANGUAGE_STANDARD = "gnu++0x";
				CLANG_CXX_LIBRARY = "libc++";
				CLANG_ENABLE_MODULES = YES;
				CLANG_ENABLE_OBJC_ARC = YES;
				CLANG_WARN_BOOL_CONVERSION = YES;
				CLANG_WARN_CONSTANT_CONVERSION = YES;
				CLANG_WARN_DIRECT_OBJC_ISA_USAGE = YES_ERROR;
				CLANG_WARN_EMPTY_BODY = YES;
				CLANG_WARN_ENUM_CONVERSION = YES;
				CLANG_WARN_INT_CONVERSION = YES;
				CLANG_WARN_OBJC_ROOT_CLASS = YES_ERROR;
				CLANG_WARN_UNREACHABLE_CODE = YES;
				CLANG_WARN__DUPLICATE_METHOD_MATCH = YES;
				COPY_PHASE_STRIP = NO;
				DEBUG_INFORMATION_FORMAT = "dwarf-with-dsym";
				ENABLE_NS_ASSERTIONS = NO;
				ENABLE_STRICT_OBJC_MSGSEND = YES;
				GCC_C_LANGUAGE_STANDARD = gnu99;
				GCC_NO_COMMON_BLOCKS = YES;
				GCC_WARN_64_TO_32_BIT_CONVERSION = YES;
				GCC_WARN_ABOUT_RETURN_TYPE = YES_ERROR;
				GCC_WARN_UNDECLARED_SELECTOR = YES;
				GCC_WARN_UNINITIALIZED_AUTOS = YES_AGGRESSIVE;
				GCC_WARN_UNUSED_FUNCTION = YES;
				GCC_WARN_UNUSED_VARIABLE = YES;
				HEADER_SEARCH_PATHS = (
					/usr/local/include,
					"/Users/lucas/code/libraries/vamp-plugin-sdk-2.6",
				);
				LD_RUNPATH_SEARCH_PATHS = "/Users/lucas/code/libraries/vamp-plugin-sdk-2.6";
				LIBRARY_SEARCH_PATHS = /usr/local/lib;
				MACOSX_DEPLOYMENT_TARGET = 10.11;
				MTL_ENABLE_DEBUG_INFO = NO;
				SDKROOT = macosx;
			};
			name = Release;
		};
		A0BB25481CE5BBA000916B0B /* Debug */ = {
			isa = XCBuildConfiguration;
			buildSettings = {
				ALWAYS_SEARCH_USER_PATHS = NO;
				HEADER_SEARCH_PATHS = (
					"/Users/lucas/code/libraries/vamp-plugin-sdk-2.6",
					/usr/local/include,
				);
				INSTALL_PATH = "@rpath";
				LD_RUNPATH_SEARCH_PATHS = "";
				LIBRARY_SEARCH_PATHS = (
					/usr/local/Cellar/libsndfile/1.0.25/lib,
					"$(PROJECT_DIR)",
				);
				MACOSX_DEPLOYMENT_TARGET = 10.11;
				PRODUCT_NAME = "$(TARGET_NAME)";
			};
			name = Debug;
		};
		A0BB25491CE5BBA000916B0B /* Release */ = {
			isa = XCBuildConfiguration;
			buildSettings = {
				ALWAYS_SEARCH_USER_PATHS = NO;
				HEADER_SEARCH_PATHS = (
					"/Users/lucas/code/libraries/vamp-plugin-sdk-2.6",
					/usr/local/include,
				);
				INSTALL_PATH = "@rpath";
				LD_RUNPATH_SEARCH_PATHS = "";
				LIBRARY_SEARCH_PATHS = (
					/usr/local/Cellar/libsndfile/1.0.25/lib,
					"$(PROJECT_DIR)",
				);
				MACOSX_DEPLOYMENT_TARGET = 10.11;
				PRODUCT_NAME = "$(TARGET_NAME)";
			};
			name = Release;
		};
/* End XCBuildConfiguration section */

/* Begin XCConfigurationList section */
		A04647FE1CEDC5BE007CBCEA /* Build configuration list for PBXNativeTarget "TestVampHost" */ = {
			isa = XCConfigurationList;
			buildConfigurations = (
				A04647FF1CEDC5BE007CBCEA /* Debug */,
				A04648001CEDC5BE007CBCEA /* Release */,
			);
			defaultConfigurationIsVisible = 0;
			defaultConfigurationName = Release;
		};
		A0BB253B1CE5BB9F00916B0B /* Build configuration list for PBXProject "basic-vamp-host" */ = {
			isa = XCConfigurationList;
			buildConfigurations = (
				A0BB25451CE5BBA000916B0B /* Debug */,
				A0BB25461CE5BBA000916B0B /* Release */,
			);
			defaultConfigurationIsVisible = 0;
			defaultConfigurationName = Release;
		};
		A0BB25471CE5BBA000916B0B /* Build configuration list for PBXNativeTarget "basic-vamp-host" */ = {
			isa = XCConfigurationList;
			buildConfigurations = (
				A0BB25481CE5BBA000916B0B /* Debug */,
				A0BB25491CE5BBA000916B0B /* Release */,
			);
			defaultConfigurationIsVisible = 0;
			defaultConfigurationName = Release;
		};
/* End XCConfigurationList section */
	};
	rootObject = A0BB25381CE5BB9F00916B0B /* Project object */;
}
